
Microsoft Visual Studio Solution File, Format Version 11.00
# Visual Studio 2010
Project("{FAE04EC0-301F-11D3-BF4B-00C04F79EFBC}") = "Database", "Database\Database.csproj", "{1C6333D6-AB8F-49C7-B6A5-31F96FE36102}"
EndProject
Project("{FAE04EC0-301F-11D3-BF4B-00C04F79EFBC}") = "Test", "Test\Test.csproj", "{90758BEE-77D5-4726-92A3-7C69C3E15316}"
EndProject
Global
	GlobalSection(SolutionConfigurationPlatforms) = preSolution
		Debug|Any CPU = Debug|Any CPU
		Debug|Mixed Platforms = Debug|Mixed Platforms
		Debug|x86 = Debug|x86
		Release|Any CPU = Release|Any CPU
		Release|Mixed Platforms = Release|Mixed Platforms
		Release|x86 = Release|x86
	EndGlobalSection
	GlobalSection(ProjectConfigurationPlatforms) = postSolution
		{1C6333D6-AB8F-49C7-B6A5-31F96FE36102}.Debug|Any CPU.ActiveCfg = Debug|Any CPU
		{1C6333D6-AB8F-49C7-B6A5-31F96FE36102}.Debug|Any CPU.Build.0 = Debug|Any CPU
		{1C6333D6-AB8F-49C7-B6A5-31F96FE36102}.Debug|Mixed Platforms.ActiveCfg = Debug|Any CPU
		{1C6333D6-AB8F-49C7-B6A5-31F96FE36102}.Debug|Mixed Platforms.Build.0 = Debug|Any CPU
		{1C6333D6-AB8F-49C7-B6A5-31F96FE36102}.Debug|x86.ActiveCfg = Debug|Any CPU
		{1C6333D6-AB8F-49C7-B6A5-31F96FE36102}.Release|Any CPU.ActiveCfg = Release|Any CPU
		{1C6333D6-AB8F-49C7-B6A5-31F96FE36102}.Release|Any CPU.Build.0 = Release|Any CPU
		{1C6333D6-AB8F-49C7-B6A5-31F96FE36102}.Release|Mixed Platforms.ActiveCfg = Release|Any CPU
		{1C6333D6-AB8F-49C7-B6A5-31F96FE36102}.Release|Mixed Platforms.Build.0 = Release|Any CPU
		{1C6333D6-AB8F-49C7-B6A5-31F96FE36102}.Release|x86.ActiveCfg = Release|Any CPU
		{90758BEE-77D5-4726-92A3-7C69C3E15316}.Debug|Any CPU.ActiveCfg = Debug|x86
		{90758BEE-77D5-4726-92A3-7C69C3E15316}.Debug|Mixed Platforms.ActiveCfg = Debug|x86
		{90758BEE-77D5-4726-92A3-7C69C3E15316}.Debug|Mixed Platforms.Build.0 = Debug|x86
		{90758BEE-77D5-4726-92A3-7C69C3E15316}.Debug|x86.ActiveCfg = Debug|x86
		{90758BEE-77D5-4726-92A3-7C69C3E15316}.Debug|x86.Build.0 = Debug|x86
		{90758BEE-77D5-4726-92A3-7C69C3E15316}.Release|Any CPU.ActiveCfg = Release|x86
		{90758BEE-77D5-4726-92A3-7C69C3E15316}.Release|Mixed Platforms.ActiveCfg = Release|x86
		{90758BEE-77D5-4726-92A3-7C69C3E15316}.Release|Mixed Platforms.Build.0 = Release|x86
		{90758BEE-77D5-4726-92A3-7C69C3E15316}.Release|x86.ActiveCfg = Release|x86
		{90758BEE-77D5-4726-92A3-7C69C3E15316}.Release|x86.Build.0 = Release|x86
	EndGlobalSection
	GlobalSection(SolutionProperties) = preSolution
		HideSolutionNode = FALSE
	EndGlobalSection
EndGlobal
